<?xml version="1.0" encoding="utf-8"?>
<Project ToolsVersion="4.0" xmlns="http://schemas.microsoft.com/developer/msbuild/2003">
  <ItemGroup>
    <None Include="libFLAC-8.dll" />
    <None Include="libfreetype-6.dll" />
    <None Include="libjpeg-9.dll" />
    <None Include="libmodplug-1.dll" />
    <None Include="libmpg123-0.dll" />
    <None Include="libogg-0.dll" />
    <None Include="libopus-0.dll" />
    <None Include="libopusfile-0.dll" />
    <None Include="libpng16-16.dll" />
    <None Include="libtiff-5.dll" />
    <None Include="libvorbis-0.dll" />
    <None Include="libvorbisfile-3.dll" />
    <None Include="libwebp-7.dll" />
    <None Include="SDL2.dll" />
    <None Include="SDL2_image.dll" />
    <None Include="SDL2_mixer.dll" />
    <None Include="SDL2_ttf.dll" />
    <None Include="zlib1.dll" />
    <None Include="glew32.dll" />
    <None Include="asset.pack" />
  </ItemGroup>
  <ItemGroup>
    <ClCompile Include="entry.cpp" />
    <ClCompile Include="src\core\UI\Camera.cpp" />
    <ClCompile Include="src\game\GameApplication.cpp" />
    <ClCompile Include="src\core\engine\module\input\gamepad\Gamepad.cpp" />
    <ClCompile Include="src\core\engine\module\input\Input.cpp" />
    <ClCompile Include="src\core\engine\module\input\Keyboard.cpp" />
    <ClCompile Include="src\core\engine\module\input\Mouse.cpp" />
    <ClCompile Include="src\core\engine\module\animation\Animation.cpp" />
    <ClCompile Include="src\core\engine\module\animation\AnimationContainer.cpp" />
    <ClCompile Include="src\core\engine\module\animation\AnimationSet.cpp" />
    <ClCompile Include="src\core\engine\module\display\DisplayRoot.cpp" />
    <ClCompile Include="src\core\engine\module\display\Renderer.cpp" />
    <ClCompile Include="src\core\engine\module\display\Screen.cpp" />
    <ClCompile Include="src\core\engine\module\display\Texture.cpp" />
    <ClCompile Include="src\core\engine\module\display\TextureContainer.cpp" />
    <ClCompile Include="src\core\engine\module\display\TextureText.cpp" />
    <ClCompile Include="src\core\engine\module\filesystem\Filesystem.cpp" />
    <ClCompile Include="src\core\engine\module\font\Font.cpp" />
    <ClCompile Include="src\core\engine\module\font\FontContainer.cpp" />
    <ClCompile Include="src\core\engine\module\serialization\Hydrater.cpp" />
    <ClCompile Include="src\core\engine\module\serialization\Serialization.cpp" />
    <ClCompile Include="src\core\engine\module\serialization\SerializationTags.cpp" />
    <ClCompile Include="src\core\engine\module\serialization\Serializer.cpp" />
    <ClCompile Include="src\core\engine\module\storage\Storage.cpp" />
    <ClCompile Include="src\core\engine\module\time\Time.cpp" />
    <ClCompile Include="src\core\engine\module\time\Timer.cpp" />
    <ClCompile Include="src\core\engine\module\logger\Logger.cpp" />
    <ClCompile Include="src\core\util\Rect.cpp" />
    <ClCompile Include="src\core\engine\module\animation\Transition.cpp" />
    <ClCompile Include="src\core\engine\module\event\Event.cpp" />
    <ClCompile Include="src\core\engine\module\event\ApplicationEvent.cpp" />
    <ClCompile Include="src\core\engine\module\sound\Sound.cpp" />
    <ClCompile Include="src\core\engine\module\sound\SoundClip.cpp" />
    <ClCompile Include="src\core\engine\module\sound\SoundContainer.cpp" />
    <ClCompile Include="src\core\engine\module\thread\Thread.cpp" />
    <ClCompile Include="src\core\engine\module\thread\Worker.cpp" />
    <ClCompile Include="src\core\engine\Application.cpp" />
    <ClCompile Include="src\core\ui\renderable\Renderable.cpp" />
    <ClCompile Include="src\core\ui\renderable\primitive\Primitive.cpp" />
    <ClCompile Include="src\core\ui\renderable\element\Animated.cpp" />
    <ClCompile Include="src\core\ui\renderable\element\Element.cpp" />
    <ClCompile Include="src\core\ui\renderable\element\Rectangle.cpp" />
    <ClCompile Include="src\core\ui\renderable\element\Text.cpp" />
    <ClCompile Include="src\game\prop\particles\TestParticleFactory.cpp" />
    <ClCompile Include="src\core\ui\renderable\primitive\particle\Particle.cpp" />
    <ClCompile Include="src\core\ui\renderable\primitive\particle\ParticleSystem.cpp" />
    <ClCompile Include="src\game\prop\particles\TestParticle.cpp" />
    <ClCompile Include="src\core\ui\renderable\element\tilemap\TileMap.cpp" />
    <ClCompile Include="src\core\engine\module\SystemModuleBundle.cpp" />
    <ClCompile Include="src\core\ui\scene\Scene.cpp" />
    <ClCompile Include="src\core\ui\scene\SceneContainer.cpp" />
    <ClCompile Include="src\game\scene\menu\SceneMainMenu.cpp" />
    <ClCompile Include="src\game\scene\menu\SceneOptionsMenu.cpp" />
    <ClCompile Include="src\game\scene\menu\SceneSavedGamesMenu.cpp" />
    <ClCompile Include="src\game\scene\menu\SceneSplash.cpp" />
    <ClCompile Include="src\core\ui\renderable\Container.cpp" />
    <ClCompile Include="src\game\gui\button\ButtonBasic.cpp" />
    <ClCompile Include="src\core\engine\module\storage\HuffmanEncoder.cpp" />
    <ClCompile Include="src\core\engine\module\storage\StorageClient.cpp" />
    <ClCompile Include="src\core\engine\module\serialization\SerializationClient.cpp" />
    <ClCompile Include="src\game\scene\test\TestScene.cpp" />
    <ClCompile Include="src\game\scene\BaseScene.cpp" />
    <ClCompile Include="src\core\ui\renderable\element\Backdrop.cpp" />
    <ClCompile Include="src\core\engine\ApplicationObject.cpp" />
    <ClCompile Include="src\core\ui\renderable\Zone.cpp" />
    <ClCompile Include="src\core\engine\module\collision\Collision.cpp" />
    <ClCompile Include="src\game\scene\game\SceneMainGame.cpp" />
    <ClCompile Include="src\game\gui\BaseGui.cpp" />
    <ClCompile Include="src\game\gui\camera\GameCamera.cpp" />
    <ClCompile Include="src\game\prop\BaseProp.cpp" />
    <ClCompile Include="src\game\prop\particles\projectile\bullet\ParticleBulletTrail.cpp" />
    <ClCompile Include="src\game\prop\particles\projectile\bullet\ParticleBulletTrailFactory.cpp" />
    <ClCompile Include="src\core\util\QuadMap.cpp" />
    <ClCompile Include="src\core\engine\module\asset\Asset.cpp" />
    <ClCompile Include="src\game\prop\particles\firing\ParticleFiringFactory.cpp" />
    <ClCompile Include="src\game\prop\particles\firing\ParticleFiring.cpp" />
    <ClCompile Include="src\game\prop\particles\hit\flesh\ParticleHitFlesh.cpp" />
    <ClCompile Include="src\game\prop\particles\hit\flesh\ParticleHitFleshFactory.cpp" />
    <ClCompile Include="src\game\prop\particles\hit\hard\ParticleHitHard.cpp" />
    <ClCompile Include="src\game\prop\particles\hit\hard\ParticleHitHardFactory.cpp" />
    <ClCompile Include="src\game\prop\particles\hit\soft\ParticleHitSoft.cpp" />
    <ClCompile Include="src\game\prop\particles\hit\soft\ParticleHitSoftFactory.cpp" />
    <ClCompile Include="src\game\gui\menu\GameMainMenu.cpp" />
    <ClCompile Include="src\game\gui\transition\TransitionFade.cpp" />
    <ClCompile Include="src\game\gui\hud\BaseHud.cpp" />
    <ClCompile Include="src\core\util\NumberHelper.cpp" />
    <ClCompile Include="src\core\ui\renderable\primitive\trace\Trace.cpp" />
    <ClCompile Include="src\game\scene\test\TestSpaceScene.cpp" />
    <ClCompile Include="src\game\prop\particles\space\ParticleSpaceBackground.cpp" />
    <ClCompile Include="src\game\prop\particles\space\ParticleSpaceBackgroundFactory.cpp" />
    <ClCompile Include="src\game\generator\block\GeneratorBlock.cpp" />
    <ClCompile Include="src\game\prop\block\Block.cpp" />
  </ItemGroup>
  <ItemGroup>
    <ClInclude Include="src\core\UI\Camera.h" />
    <ClInclude Include="src\core\engine\ApplicationObject.h" />
    <ClInclude Include="src\core\engine\Application.h" />
    <ClInclude Include="src\core\util\StringHelper.h" />
    <ClInclude Include="src\game\GameImports.h" />
    <ClInclude Include="src\test\TestActor.h" />
    <ClInclude Include="src\test\Tests.h" />
    <ClInclude Include="src\game\GameApplication.h" />
    <ClInclude Include="src\core\engine\module\input\gamepad\Gamepad.h" />
    <ClInclude Include="src\core\engine\module\input\gamepad\GamepadMappings.h" />
    <ClInclude Include="src\core\engine\module\input\IInputListener.h" />
    <ClInclude Include="src\core\engine\module\input\Input.h" />
    <ClInclude Include="src\core\engine\module\input\Keyboard.h" />
    <ClInclude Include="src\core\engine\module\input\Mouse.h" />
    <ClInclude Include="src\core\engine\module\animation\Animation.h" />
    <ClInclude Include="src\core\engine\module\animation\AnimationContainer.h" />
    <ClInclude Include="src\core\engine\module\animation\AnimationSet.h" />
    <ClInclude Include="src\core\engine\module\display\DisplayRoot.h" />
    <ClInclude Include="src\core\engine\module\display\Renderer.h" />
    <ClInclude Include="src\core\engine\module\display\Screen.h" />
    <ClInclude Include="src\core\engine\module\display\ScreenConfig.h" />
    <ClInclude Include="src\core\engine\module\display\Texture.h" />
    <ClInclude Include="src\core\engine\module\display\TextureContainer.h" />
    <ClInclude Include="src\core\engine\module\display\TextureText.h" />
    <ClInclude Include="src\core\engine\module\filesystem\Filesystem.h" />
    <ClInclude Include="src\core\engine\module\font\Font.h" />
    <ClInclude Include="src\core\engine\module\font\FontContainer.h" />
    <ClInclude Include="src\core\engine\module\serialization\Hydrater.h" />
    <ClInclude Include="src\core\engine\module\serialization\ISerializable.h" />
    <ClInclude Include="src\core\engine\module\serialization\Serialization.h" />
    <ClInclude Include="src\core\engine\module\serialization\SerializationTags.h" />
    <ClInclude Include="src\core\engine\module\serialization\Serializer.h" />
    <ClInclude Include="src\core\engine\module\storage\Storage.h" />
    <ClInclude Include="src\core\engine\module\time\Time.h" />
    <ClInclude Include="src\core\engine\module\time\Timer.h" />
    <ClInclude Include="src\core\engine\module\IBaseModule.h" />
    <ClInclude Include="src\core\engine\module\logger\Logger.h" />
    <ClInclude Include="src\core\util\Rect.h" />
    <ClInclude Include="src\core\engine\module\animation\Transition.h" />
    <ClInclude Include="src\core\engine\module\event\Event.h" />
    <ClInclude Include="src\core\engine\module\event\ApplicationEvent.h" />
    <ClInclude Include="src\core\engine\module\event\Events.h" />
    <ClInclude Include="src\core\engine\module\sound\Sound.h" />
    <ClInclude Include="src\core\engine\module\sound\SoundContainer.h" />
    <ClInclude Include="src\core\engine\module\sound\SoundClip.h" />
    <ClInclude Include="src\core\engine\module\thread\Thread.h" />
    <ClInclude Include="src\core\engine\module\thread\Worker.h" />
    <ClInclude Include="src\core\engine\module\thread\INotifyOnCompletion.h" />
    <ClInclude Include="src\core\engine\module\thread\WorkerStatus.h" />
    <ClInclude Include="src\core\engine\module\thread\AsyncBundles.h" />
    <ClInclude Include="src\core\ui\renderable\Renderable.h" />
    <ClInclude Include="src\core\ui\renderable\primitive\Primitive.h" />
    <ClInclude Include="src\core\ui\renderable\element\Animated.h" />
    <ClInclude Include="src\core\ui\renderable\element\Element.h" />
    <ClInclude Include="src\core\ui\renderable\element\Rectangle.h" />
    <ClInclude Include="src\core\ui\renderable\element\Text.h" />
    <ClInclude Include="src\game\prop\particles\TestParticleFactory.h" />
    <ClInclude Include="src\core\ui\renderable\primitive\particle\IParticleFactory.h" />
    <ClInclude Include="src\core\ui\renderable\primitive\particle\Particle.h" />
    <ClInclude Include="src\core\ui\renderable\primitive\particle\ParticleSystem.h" />
    <ClInclude Include="src\game\prop\particles\TestParticle.h" />
    <ClInclude Include="src\core\engine\module\event\EnterFrameListener.h" />
    <ClInclude Include="src\core\ui\renderable\element\tilemap\TileMap.h" />
    <ClInclude Include="src\core\engine\module\SystemModuleBundle.h" />
    <ClInclude Include="src\core\ui\scene\Scene.h" />
    <ClInclude Include="src\core\ui\scene\SceneContainer.h" />
    <ClInclude Include="src\game\scene\menu\SceneMainMenu.h" />
    <ClInclude Include="src\game\scene\menu\SceneOptionsMenu.h" />
    <ClInclude Include="src\game\scene\menu\SceneSavedGamesMenu.h" />
    <ClInclude Include="src\game\scene\menu\SceneSplash.h" />
    <ClInclude Include="src\core\ui\renderable\Container.h" />
    <ClInclude Include="src\core\engine\module\display\RenderPackage.h" />
    <ClInclude Include="src\game\gui\button\ButtonBasic.h" />
    <ClInclude Include="src\game\gui\button\ButtonBasicAnimation.h" />
    <ClInclude Include="src\game\gui\button\IButtonListener.h" />
    <ClInclude Include="src\core\engine\module\storage\HuffmanEncoder.h" />
    <ClInclude Include="src\core\engine\module\storage\StorageClient.h" />
    <ClInclude Include="src\core\engine\module\serialization\SerializationClient.h" />
    <ClInclude Include="src\game\scene\test\TestScene.h" />
    <ClInclude Include="src\config\GameConfig.h" />
    <ClInclude Include="src\config\BaseConfig.h" />
    <ClInclude Include="src\game\scene\BaseScene.h" />
    <ClInclude Include="src\core\util\linmath.h" />
    <ClInclude Include="src\core\util\NumberHelper.h" />
    <ClInclude Include="src\game\GameStoragePaths.h" />
    <ClInclude Include="src\core\ui\renderable\element\Backdrop.h" />
    <ClInclude Include="src\core\ui\renderable\Zone.h" />
    <ClInclude Include="src\core\ui\scene\SceneTransitionBundle.h" />
    <ClInclude Include="src\core\engine\module\collision\Collision.h" />
    <ClInclude Include="src\core\util\VectorHelper.h" />
    <ClInclude Include="src\game\scene\Scenes.h" />
    <ClInclude Include="src\game\scene\game\SceneMainGame.h" />
    <ClInclude Include="src\game\gui\BaseGui.h" />
    <ClInclude Include="src\game\gui\camera\GameCamera.h" />
    <ClInclude Include="src\game\gui\Guis.h" />
    <ClInclude Include="src\game\prop\BaseProp.h" />
    <ClInclude Include="src\game\prop\Props.h" />
    <ClInclude Include="src\core\engine\module\collision\ICollidable.h" />
    <ClInclude Include="src\game\prop\particles\projectile\bullet\ParticleBulletTrail.h" />
    <ClInclude Include="src\game\prop\particles\projectile\bullet\ParticleBulletTrailFactory.h" />
    <ClInclude Include="src\core\util\QuadMap.h" />
    <ClInclude Include="src\core\engine\module\asset\Asset.h" />
    <ClInclude Include="src\game\prop\particles\firing\ParticleFiringFactory.h" />
    <ClInclude Include="src\game\prop\particles\firing\ParticleFiring.h" />
    <ClInclude Include="src\game\prop\particles\hit\flesh\ParticleHitFlesh.h" />
    <ClInclude Include="src\game\prop\particles\hit\flesh\ParticleHitFleshFactory.h" />
    <ClInclude Include="src\game\prop\particles\hit\hard\ParticleHitHard.h" />
    <ClInclude Include="src\game\prop\particles\hit\hard\ParticleHitHardFactory.h" />
    <ClInclude Include="src\game\prop\particles\hit\soft\ParticleHitSoft.h" />
    <ClInclude Include="src\game\prop\particles\hit\soft\ParticleHitSoftFactory.h" />
    <ClInclude Include="src\game\gui\menu\GameMainMenu.h" />
    <ClInclude Include="src\game\gui\transition\INotifyOnFade.h" />
    <ClInclude Include="src\core\engine\module\animation\INotifyOnTransitionCompleted.h" />
    <ClInclude Include="src\game\gui\transition\TransitionFade.h" />
    <ClInclude Include="src\game\gui\hud\BaseHud.h" />
    <ClInclude Include="src\core\util\RandomGenerator.h" />
    <ClInclude Include="src\core\util\Color.h" />
    <ClInclude Include="src\core\ui\renderable\primitive\trace\Trace.h" />
    <ClInclude Include="src\core\engine\module\time\TimeScope.h" />
    <ClInclude Include="src\game\scene\test\TestSpaceScene.h" />
    <ClInclude Include="src\game\prop\particles\space\ParticleSpaceBackground.h" />
    <ClInclude Include="src\game\prop\particles\space\ParticleSpaceBackgroundFactory.h" />
    <ClInclude Include="src\game\generator\block\GeneratorBlock.h" />
    <ClInclude Include="src\game\prop\block\Block.h" />
    <ClInclude Include="src\game\prop\block\BlockAnimations.h" />
    <ClInclude Include="src\game\prop\block\Blocks.h" />
  </ItemGroup>
  <ItemGroup>
    <Image Include="res\core\img\solid.png" />
    <Image Include="res\game\img\tile\grass.png" />
    <Image Include="res\game\img\prop\particle\test-particle.png" />
    <Image Include="res\game\img\prop\weapon\base-weapons.png" />
    <Image Include="res\game\img\prop\building\prop-building.png" />
    <Image Include="res\game\img\actor\pawn\humanoid\pawn-humanoid.png" />
    <Image Include="res\game\img\actor\pawn\humanoid\pawn-humanoid-hair.png" />
    <Image Include="res\game\img\prop\projectile\projectile-basic.png" />
    <Image Include="res\game\img\prop\apparel\head\head-basic.png" />
    <Image Include="res\game\img\prop\apparel\body\body-basic.png" />
    <Image Include="res\game\img\prop\particle\particle-firing.png" />
    <Image Include="res\game\img\prop\particle\particle-hit-hard.png" />
    <Image Include="res\game\img\prop\particle\particle-hit-soft.png" />
    <Image Include="res\game\img\prop\particle\particle-hit-flesh.png" />
    <Image Include="res\game\img\actor\pawn\humanoid\pawn-humanoid-damage.png" />
  </ItemGroup>
  <ItemGroup>
    <Media Include="res\game\snd\beat.wav" />
    <Media Include="res\game\snd\high.wav" />
    <Media Include="res\game\snd\low.wav" />
    <Media Include="res\game\snd\medium.wav" />
    <Media Include="res\game\snd\scratch.wav" />
  </ItemGroup>
  <ItemGroup>
    <Font Include="res\game\font\Roboto-Black.ttf" />
    <Font Include="res\game\font\Roboto-BlackItalic.ttf" />
    <Font Include="res\game\font\Roboto-Bold.ttf" />
    <Font Include="res\game\font\Roboto-BoldItalic.ttf" />
    <Font Include="res\game\font\RobotoCondensed-Bold.ttf" />
    <Font Include="res\game\font\RobotoCondensed-BoldItalic.ttf" />
    <Font Include="res\game\font\RobotoCondensed-Italic.ttf" />
    <Font Include="res\game\font\RobotoCondensed-Light.ttf" />
    <Font Include="res\game\font\RobotoCondensed-LightItalic.ttf" />
    <Font Include="res\game\font\RobotoCondensed-Regular.ttf" />
    <Font Include="res\game\font\Roboto-Italic.ttf" />
    <Font Include="res\game\font\Roboto-Light.ttf" />
    <Font Include="res\game\font\Roboto-LightItalic.ttf" />
    <Font Include="res\game\font\Roboto-Medium.ttf" />
    <Font Include="res\game\font\Roboto-MediumItalic.ttf" />
    <Font Include="res\game\font\Roboto-Regular.ttf" />
    <Font Include="res\game\font\Roboto-Thin.ttf" />
    <Font Include="res\game\font\Roboto-ThinItalic.ttf" />
  </ItemGroup>
</Project>